
Microsoft Visual Studio Solution File, Format Version 12.00
# Visual Studio Version 17
VisualStudioVersion = 17.5.33414.496
MinimumVisualStudioVersion = 10.0.40219.1
Project("{FAE04EC0-301F-11D3-BF4B-00C04F79EFBC}") = "01.Console.ReadLineMethod", "If\01.Console.ReadLineMethod.csproj", "{2C9CA167-AC78-44F1-A82A-7D718B8085BC}"
EndProject
Project("{FAE04EC0-301F-11D3-BF4B-00C04F79EFBC}") = "02.ConvertClasses", "ConvertClasses\02.ConvertClasses.csproj", "{5D59DDCC-E67A-4DD9-ACF9-4688468DE38C}"
EndProject
Project("{FAE04EC0-301F-11D3-BF4B-00C04F79EFBC}") = "03.Task1", "03.Task1\03.Task1.csproj", "{701EE8ED-E41C-456D-9D0E-E1F674BC9E94}"
EndProject
Project("{FAE04EC0-301F-11D3-BF4B-00C04F79EFBC}") = "04.Logic", "04.Logic\04.Logic.csproj", "{3DAFA015-96F2-4576-889E-D3CE7630DD18}"
EndProject
Project("{FAE04EC0-301F-11D3-BF4B-00C04F79EFBC}") = "05.AndOr", "05.AndOr\05.AndOr.csproj", "{74860246-DD07-48D4-8CD4-1C2055836D5F}"
EndProject
Project("{FAE04EC0-301F-11D3-BF4B-00C04F79EFBC}") = "08_ShortLogicComputing", "06.ShortLogicComputing\08_ShortLogicComputing.csproj", "{94154527-C747-4782-996A-701D3BD28B5B}"
EndProject
Project("{FAE04EC0-301F-11D3-BF4B-00C04F79EFBC}") = "06.If", "06.If\06.If.csproj", "{B17C3BA8-20FE-4795-A9C7-BD0ADFE7A985}"
EndProject
Project("{FAE04EC0-301F-11D3-BF4B-00C04F79EFBC}") = "07.If-else", "07.If-else\07.If-else.csproj", "{46227657-468C-497C-A981-567CF0B539CB}"
EndProject
Project("{FAE04EC0-301F-11D3-BF4B-00C04F79EFBC}") = "09_If-else", "09_If-else\09_If-else.csproj", "{D3339CD9-3311-4CE1-8032-75E23198C8B1}"
EndProject
Project("{FAE04EC0-301F-11D3-BF4B-00C04F79EFBC}") = "10_Authentication", "10_Authentication\10_Authentication.csproj", "{B60896B8-BEE1-4311-8FC8-F33E384E67B7}"
EndProject
Project("{FAE04EC0-301F-11D3-BF4B-00C04F79EFBC}") = "11_Task2", "11_Task2\11_Task2.csproj", "{3F2D19A8-6FE8-438A-9B28-676FE0BFF709}"
EndProject
Project("{FAE04EC0-301F-11D3-BF4B-00C04F79EFBC}") = "12_Ternary", "12_Ternary\12_Ternary.csproj", "{8FF2EFC0-746C-49BD-9C7F-14D193A117D3}"
EndProject
Project("{FAE04EC0-301F-11D3-BF4B-00C04F79EFBC}") = "13_Ternary", "13_Ternary\13_Ternary.csproj", "{EBB7B2B1-DAE7-4B58-9941-2CF1D5B08BB8}"
EndProject
Project("{FAE04EC0-301F-11D3-BF4B-00C04F79EFBC}") = "14_Ternary", "14_Ternary\14_Ternary.csproj", "{1C5772ED-034C-4148-AB91-CFAB72491B44}"
EndProject
Project("{FAE04EC0-301F-11D3-BF4B-00C04F79EFBC}") = "15_Ternary", "15_Ternary\15_Ternary.csproj", "{4B3F92FB-8332-4FA4-872E-FB7E1270418D}"
EndProject
Project("{FAE04EC0-301F-11D3-BF4B-00C04F79EFBC}") = "16_Ternary", "16_Ternary\16_Ternary.csproj", "{DDDE9FA3-CA15-461A-911A-9F132706DACB}"
EndProject
Project("{FAE04EC0-301F-11D3-BF4B-00C04F79EFBC}") = "17_Ternary", "17_Ternary\17_Ternary.csproj", "{B0E01AC1-2316-4587-A90F-EB5CFE315F36}"
EndProject
Project("{FAE04EC0-301F-11D3-BF4B-00C04F79EFBC}") = "18.Task3", "18.Task3\18.Task3.csproj", "{FDB544DC-C8A1-49AF-89EC-45F1B34CF797}"
EndProject
Project("{FAE04EC0-301F-11D3-BF4B-00C04F79EFBC}") = "19_Switch", "19_Switch\19_Switch.csproj", "{A907AEC4-E2C7-4530-A826-5D1896FD21C6}"
EndProject
Project("{FAE04EC0-301F-11D3-BF4B-00C04F79EFBC}") = "20_Switch", "20_Switch\20_Switch.csproj", "{EE5E7E24-9D0C-442E-B0CD-D6FB89C7EA6D}"
EndProject
Project("{FAE04EC0-301F-11D3-BF4B-00C04F79EFBC}") = "21_Switch", "21_Switch\21_Switch.csproj", "{FC34B789-9C54-46CD-B574-BD57A22F04F1}"
EndProject
Project("{FAE04EC0-301F-11D3-BF4B-00C04F79EFBC}") = "22_Switch", "22_Switch\22_Switch.csproj", "{59CF1A1A-60CE-42D8-A198-799B2EC1D8E4}"
EndProject
Project("{FAE04EC0-301F-11D3-BF4B-00C04F79EFBC}") = "23_Switch", "23_Switch\23_Switch.csproj", "{DB7D996C-213D-4BA9-A6B6-A4580488C493}"
EndProject
Project("{FAE04EC0-301F-11D3-BF4B-00C04F79EFBC}") = "24_Switch", "24_Switch\24_Switch.csproj", "{ECBA9597-D386-4225-BF4A-993D52A01279}"
EndProject
Project("{FAE04EC0-301F-11D3-BF4B-00C04F79EFBC}") = "25_Tasks", "25_Tasks\25_Tasks.csproj", "{430E3D39-B881-422F-92FC-C290E3F61B8C}"
EndProject
Global
	GlobalSection(SolutionConfigurationPlatforms) = preSolution
		Debug|Any CPU = Debug|Any CPU
		Release|Any CPU = Release|Any CPU
	EndGlobalSection
	GlobalSection(ProjectConfigurationPlatforms) = postSolution
		{2C9CA167-AC78-44F1-A82A-7D718B8085BC}.Debug|Any CPU.ActiveCfg = Debug|Any CPU
		{2C9CA167-AC78-44F1-A82A-7D718B8085BC}.Debug|Any CPU.Build.0 = Debug|Any CPU
		{2C9CA167-AC78-44F1-A82A-7D718B8085BC}.Release|Any CPU.ActiveCfg = Release|Any CPU
		{2C9CA167-AC78-44F1-A82A-7D718B8085BC}.Release|Any CPU.Build.0 = Release|Any CPU
		{5D59DDCC-E67A-4DD9-ACF9-4688468DE38C}.Debug|Any CPU.ActiveCfg = Debug|Any CPU
		{5D59DDCC-E67A-4DD9-ACF9-4688468DE38C}.Debug|Any CPU.Build.0 = Debug|Any CPU
		{5D59DDCC-E67A-4DD9-ACF9-4688468DE38C}.Release|Any CPU.ActiveCfg = Release|Any CPU
		{5D59DDCC-E67A-4DD9-ACF9-4688468DE38C}.Release|Any CPU.Build.0 = Release|Any CPU
		{701EE8ED-E41C-456D-9D0E-E1F674BC9E94}.Debug|Any CPU.ActiveCfg = Debug|Any CPU
		{701EE8ED-E41C-456D-9D0E-E1F674BC9E94}.Debug|Any CPU.Build.0 = Debug|Any CPU
		{701EE8ED-E41C-456D-9D0E-E1F674BC9E94}.Release|Any CPU.ActiveCfg = Release|Any CPU
		{701EE8ED-E41C-456D-9D0E-E1F674BC9E94}.Release|Any CPU.Build.0 = Release|Any CPU
		{3DAFA015-96F2-4576-889E-D3CE7630DD18}.Debug|Any CPU.ActiveCfg = Debug|Any CPU
		{3DAFA015-96F2-4576-889E-D3CE7630DD18}.Debug|Any CPU.Build.0 = Debug|Any CPU
		{3DAFA015-96F2-4576-889E-D3CE7630DD18}.Release|Any CPU.ActiveCfg = Release|Any CPU
		{3DAFA015-96F2-4576-889E-D3CE7630DD18}.Release|Any CPU.Build.0 = Release|Any CPU
		{74860246-DD07-48D4-8CD4-1C2055836D5F}.Debug|Any CPU.ActiveCfg = Debug|Any CPU
		{74860246-DD07-48D4-8CD4-1C2055836D5F}.Debug|Any CPU.Build.0 = Debug|Any CPU
		{74860246-DD07-48D4-8CD4-1C2055836D5F}.Release|Any CPU.ActiveCfg = Release|Any CPU
		{74860246-DD07-48D4-8CD4-1C2055836D5F}.Release|Any CPU.Build.0 = Release|Any CPU
		{94154527-C747-4782-996A-701D3BD28B5B}.Debug|Any CPU.ActiveCfg = Debug|Any CPU
		{94154527-C747-4782-996A-701D3BD28B5B}.Debug|Any CPU.Build.0 = Debug|Any CPU
		{94154527-C747-4782-996A-701D3BD28B5B}.Release|Any CPU.ActiveCfg = Release|Any CPU
		{94154527-C747-4782-996A-701D3BD28B5B}.Release|Any CPU.Build.0 = Release|Any CPU
		{B17C3BA8-20FE-4795-A9C7-BD0ADFE7A985}.Debug|Any CPU.ActiveCfg = Debug|Any CPU
		{B17C3BA8-20FE-4795-A9C7-BD0ADFE7A985}.Debug|Any CPU.Build.0 = Debug|Any CPU
		{B17C3BA8-20FE-4795-A9C7-BD0ADFE7A985}.Release|Any CPU.ActiveCfg = Release|Any CPU
		{B17C3BA8-20FE-4795-A9C7-BD0ADFE7A985}.Release|Any CPU.Build.0 = Release|Any CPU
		{46227657-468C-497C-A981-567CF0B539CB}.Debug|Any CPU.ActiveCfg = Debug|Any CPU
		{46227657-468C-497C-A981-567CF0B539CB}.Debug|Any CPU.Build.0 = Debug|Any CPU
		{46227657-468C-497C-A981-567CF0B539CB}.Release|Any CPU.ActiveCfg = Release|Any CPU
		{46227657-468C-497C-A981-567CF0B539CB}.Release|Any CPU.Build.0 = Release|Any CPU
		{D3339CD9-3311-4CE1-8032-75E23198C8B1}.Debug|Any CPU.ActiveCfg = Debug|Any CPU
		{D3339CD9-3311-4CE1-8032-75E23198C8B1}.Debug|Any CPU.Build.0 = Debug|Any CPU
		{D3339CD9-3311-4CE1-8032-75E23198C8B1}.Release|Any CPU.ActiveCfg = Release|Any CPU
		{D3339CD9-3311-4CE1-8032-75E23198C8B1}.Release|Any CPU.Build.0 = Release|Any CPU
		{B60896B8-BEE1-4311-8FC8-F33E384E67B7}.Debug|Any CPU.ActiveCfg = Debug|Any CPU
		{B60896B8-BEE1-4311-8FC8-F33E384E67B7}.Debug|Any CPU.Build.0 = Debug|Any CPU
		{B60896B8-BEE1-4311-8FC8-F33E384E67B7}.Release|Any CPU.ActiveCfg = Release|Any CPU
		{B60896B8-BEE1-4311-8FC8-F33E384E67B7}.Release|Any CPU.Build.0 = Release|Any CPU
		{3F2D19A8-6FE8-438A-9B28-676FE0BFF709}.Debug|Any CPU.ActiveCfg = Debug|Any CPU
		{3F2D19A8-6FE8-438A-9B28-676FE0BFF709}.Debug|Any CPU.Build.0 = Debug|Any CPU
		{3F2D19A8-6FE8-438A-9B28-676FE0BFF709}.Release|Any CPU.ActiveCfg = Release|Any CPU
		{3F2D19A8-6FE8-438A-9B28-676FE0BFF709}.Release|Any CPU.Build.0 = Release|Any CPU
		{8FF2EFC0-746C-49BD-9C7F-14D193A117D3}.Debug|Any CPU.ActiveCfg = Debug|Any CPU
		{8FF2EFC0-746C-49BD-9C7F-14D193A117D3}.Debug|Any CPU.Build.0 = Debug|Any CPU
		{8FF2EFC0-746C-49BD-9C7F-14D193A117D3}.Release|Any CPU.ActiveCfg = Release|Any CPU
		{8FF2EFC0-746C-49BD-9C7F-14D193A117D3}.Release|Any CPU.Build.0 = Release|Any CPU
		{EBB7B2B1-DAE7-4B58-9941-2CF1D5B08BB8}.Debug|Any CPU.ActiveCfg = Debug|Any CPU
		{EBB7B2B1-DAE7-4B58-9941-2CF1D5B08BB8}.Debug|Any CPU.Build.0 = Debug|Any CPU
		{EBB7B2B1-DAE7-4B58-9941-2CF1D5B08BB8}.Release|Any CPU.ActiveCfg = Release|Any CPU
		{EBB7B2B1-DAE7-4B58-9941-2CF1D5B08BB8}.Release|Any CPU.Build.0 = Release|Any CPU
		{1C5772ED-034C-4148-AB91-CFAB72491B44}.Debug|Any CPU.ActiveCfg = Debug|Any CPU
		{1C5772ED-034C-4148-AB91-CFAB72491B44}.Debug|Any CPU.Build.0 = Debug|Any CPU
		{1C5772ED-034C-4148-AB91-CFAB72491B44}.Release|Any CPU.ActiveCfg = Release|Any CPU
		{1C5772ED-034C-4148-AB91-CFAB72491B44}.Release|Any CPU.Build.0 = Release|Any CPU
		{4B3F92FB-8332-4FA4-872E-FB7E1270418D}.Debug|Any CPU.ActiveCfg = Debug|Any CPU
		{4B3F92FB-8332-4FA4-872E-FB7E1270418D}.Debug|Any CPU.Build.0 = Debug|Any CPU
		{4B3F92FB-8332-4FA4-872E-FB7E1270418D}.Release|Any CPU.ActiveCfg = Release|Any CPU
		{4B3F92FB-8332-4FA4-872E-FB7E1270418D}.Release|Any CPU.Build.0 = Release|Any CPU
		{DDDE9FA3-CA15-461A-911A-9F132706DACB}.Debug|Any CPU.ActiveCfg = Debug|Any CPU
		{DDDE9FA3-CA15-461A-911A-9F132706DACB}.Debug|Any CPU.Build.0 = Debug|Any CPU
		{DDDE9FA3-CA15-461A-911A-9F132706DACB}.Release|Any CPU.ActiveCfg = Release|Any CPU
		{DDDE9FA3-CA15-461A-911A-9F132706DACB}.Release|Any CPU.Build.0 = Release|Any CPU
		{B0E01AC1-2316-4587-A90F-EB5CFE315F36}.Debug|Any CPU.ActiveCfg = Debug|Any CPU
		{B0E01AC1-2316-4587-A90F-EB5CFE315F36}.Debug|Any CPU.Build.0 = Debug|Any CPU
		{B0E01AC1-2316-4587-A90F-EB5CFE315F36}.Release|Any CPU.ActiveCfg = Release|Any CPU
		{B0E01AC1-2316-4587-A90F-EB5CFE315F36}.Release|Any CPU.Build.0 = Release|Any CPU
		{FDB544DC-C8A1-49AF-89EC-45F1B34CF797}.Debug|Any CPU.ActiveCfg = Debug|Any CPU
		{FDB544DC-C8A1-49AF-89EC-45F1B34CF797}.Debug|Any CPU.Build.0 = Debug|Any CPU
		{FDB544DC-C8A1-49AF-89EC-45F1B34CF797}.Release|Any CPU.ActiveCfg = Release|Any CPU
		{FDB544DC-C8A1-49AF-89EC-45F1B34CF797}.Release|Any CPU.Build.0 = Release|Any CPU
		{A907AEC4-E2C7-4530-A826-5D1896FD21C6}.Debug|Any CPU.ActiveCfg = Debug|Any CPU
		{A907AEC4-E2C7-4530-A826-5D1896FD21C6}.Debug|Any CPU.Build.0 = Debug|Any CPU
		{A907AEC4-E2C7-4530-A826-5D1896FD21C6}.Release|Any CPU.ActiveCfg = Release|Any CPU
		{A907AEC4-E2C7-4530-A826-5D1896FD21C6}.Release|Any CPU.Build.0 = Release|Any CPU
		{EE5E7E24-9D0C-442E-B0CD-D6FB89C7EA6D}.Debug|Any CPU.ActiveCfg = Debug|Any CPU
		{EE5E7E24-9D0C-442E-B0CD-D6FB89C7EA6D}.Debug|Any CPU.Build.0 = Debug|Any CPU
		{EE5E7E24-9D0C-442E-B0CD-D6FB89C7EA6D}.Release|Any CPU.ActiveCfg = Release|Any CPU
		{EE5E7E24-9D0C-442E-B0CD-D6FB89C7EA6D}.Release|Any CPU.Build.0 = Release|Any CPU
		{FC34B789-9C54-46CD-B574-BD57A22F04F1}.Debug|Any CPU.ActiveCfg = Debug|Any CPU
		{FC34B789-9C54-46CD-B574-BD57A22F04F1}.Debug|Any CPU.Build.0 = Debug|Any CPU
		{FC34B789-9C54-46CD-B574-BD57A22F04F1}.Release|Any CPU.ActiveCfg = Release|Any CPU
		{FC34B789-9C54-46CD-B574-BD57A22F04F1}.Release|Any CPU.Build.0 = Release|Any CPU
		{59CF1A1A-60CE-42D8-A198-799B2EC1D8E4}.Debug|Any CPU.ActiveCfg = Debug|Any CPU
		{59CF1A1A-60CE-42D8-A198-799B2EC1D8E4}.Debug|Any CPU.Build.0 = Debug|Any CPU
		{59CF1A1A-60CE-42D8-A198-799B2EC1D8E4}.Release|Any CPU.ActiveCfg = Release|Any CPU
		{59CF1A1A-60CE-42D8-A198-799B2EC1D8E4}.Release|Any CPU.Build.0 = Release|Any CPU
		{DB7D996C-213D-4BA9-A6B6-A4580488C493}.Debug|Any CPU.ActiveCfg = Debug|Any CPU
		{DB7D996C-213D-4BA9-A6B6-A4580488C493}.Debug|Any CPU.Build.0 = Debug|Any CPU
		{DB7D996C-213D-4BA9-A6B6-A4580488C493}.Release|Any CPU.ActiveCfg = Release|Any CPU
		{DB7D996C-213D-4BA9-A6B6-A4580488C493}.Release|Any CPU.Build.0 = Release|Any CPU
		{ECBA9597-D386-4225-BF4A-993D52A01279}.Debug|Any CPU.ActiveCfg = Debug|Any CPU
		{ECBA9597-D386-4225-BF4A-993D52A01279}.Debug|Any CPU.Build.0 = Debug|Any CPU
		{ECBA9597-D386-4225-BF4A-993D52A01279}.Release|Any CPU.ActiveCfg = Release|Any CPU
		{ECBA9597-D386-4225-BF4A-993D52A01279}.Release|Any CPU.Build.0 = Release|Any CPU
		{430E3D39-B881-422F-92FC-C290E3F61B8C}.Debug|Any CPU.ActiveCfg = Debug|Any CPU
		{430E3D39-B881-422F-92FC-C290E3F61B8C}.Debug|Any CPU.Build.0 = Debug|Any CPU
		{430E3D39-B881-422F-92FC-C290E3F61B8C}.Release|Any CPU.ActiveCfg = Release|Any CPU
		{430E3D39-B881-422F-92FC-C290E3F61B8C}.Release|Any CPU.Build.0 = Release|Any CPU
	EndGlobalSection
	GlobalSection(SolutionProperties) = preSolution
		HideSolutionNode = FALSE
	EndGlobalSection
	GlobalSection(ExtensibilityGlobals) = postSolution
		SolutionGuid = {46348831-0C0C-4CD5-AF2C-999CCD9AC5BC}
	EndGlobalSection
EndGlobal
